
Microsoft Visual Studio Solution File, Format Version 12.00
# Visual Studio 15
VisualStudioVersion = 15.0.28307.572
MinimumVisualStudioVersion = 10.0.40219.1
Project("{FAE04EC0-301F-11D3-BF4B-00C04F79EFBC}") = "WebFirebaseversion1.1", "WebFirebaseversion1.1\WebFirebaseversion1.1.csproj", "{0845ADD2-C025-4423-9C70-B371A2C0F51A}"
EndProject
Global
	GlobalSection(SolutionConfigurationPlatforms) = preSolution
		Debug|Any CPU = Debug|Any CPU
		Release|Any CPU = Release|Any CPU
	EndGlobalSection
	GlobalSection(ProjectConfigurationPlatforms) = postSolution
		{0845ADD2-C025-4423-9C70-B371A2C0F51A}.Debug|Any CPU.ActiveCfg = Debug|Any CPU
		{0845ADD2-C025-4423-9C70-B371A2C0F51A}.Debug|Any CPU.Build.0 = Debug|Any CPU
		{0845ADD2-C025-4423-9C70-B371A2C0F51A}.Release|Any CPU.ActiveCfg = Release|Any CPU
		{0845ADD2-C025-4423-9C70-B371A2C0F51A}.Release|Any CPU.Build.0 = Release|Any CPU
	EndGlobalSection
	GlobalSection(SolutionProperties) = preSolution
		HideSolutionNode = FALSE
	EndGlobalSection
	GlobalSection(ExtensibilityGlobals) = postSolution
		SolutionGuid = {64E87C79-AFB9-4336-80BB-EE836505CA16}
	EndGlobalSection
EndGlobal
